
Microsoft Visual Studio Solution File, Format Version 12.00
# Visual Studio Version 16
VisualStudioVersion = 16.0.31313.79
MinimumVisualStudioVersion = 10.0.40219.1
Project("{FAE04EC0-301F-11D3-BF4B-00C04F79EFBC}") = "M6HW1_Fegan", "M6HW1_Fegan\M6HW1_Fegan.csproj", "{65FFD5FD-9089-42A7-B386-B0D4992D5994}"
EndProject
Project("{FAE04EC0-301F-11D3-BF4B-00C04F79EFBC}") = "UnitTestingLibrary.Test", "UnitTestingLibrary.Test\UnitTestingLibrary.Test.csproj", "{998E2256-8624-4473-A796-B895E9E243C5}"
EndProject
Project("{FAE04EC0-301F-11D3-BF4B-00C04F79EFBC}") = "RetailCalculatorLibrary", "RetailCalculatorLibrary\RetailCalculatorLibrary.csproj", "{DA2FCA6E-6266-4007-A630-B685134738F7}"
EndProject
Global
	GlobalSection(SolutionConfigurationPlatforms) = preSolution
		Debug|Any CPU = Debug|Any CPU
		Release|Any CPU = Release|Any CPU
	EndGlobalSection
	GlobalSection(ProjectConfigurationPlatforms) = postSolution
		{65FFD5FD-9089-42A7-B386-B0D4992D5994}.Debug|Any CPU.ActiveCfg = Debug|Any CPU
		{65FFD5FD-9089-42A7-B386-B0D4992D5994}.Debug|Any CPU.Build.0 = Debug|Any CPU
		{65FFD5FD-9089-42A7-B386-B0D4992D5994}.Release|Any CPU.ActiveCfg = Release|Any CPU
		{65FFD5FD-9089-42A7-B386-B0D4992D5994}.Release|Any CPU.Build.0 = Release|Any CPU
		{998E2256-8624-4473-A796-B895E9E243C5}.Debug|Any CPU.ActiveCfg = Debug|Any CPU
		{998E2256-8624-4473-A796-B895E9E243C5}.Debug|Any CPU.Build.0 = Debug|Any CPU
		{998E2256-8624-4473-A796-B895E9E243C5}.Release|Any CPU.ActiveCfg = Release|Any CPU
		{998E2256-8624-4473-A796-B895E9E243C5}.Release|Any CPU.Build.0 = Release|Any CPU
		{DA2FCA6E-6266-4007-A630-B685134738F7}.Debug|Any CPU.ActiveCfg = Debug|Any CPU
		{DA2FCA6E-6266-4007-A630-B685134738F7}.Debug|Any CPU.Build.0 = Debug|Any CPU
		{DA2FCA6E-6266-4007-A630-B685134738F7}.Release|Any CPU.ActiveCfg = Release|Any CPU
		{DA2FCA6E-6266-4007-A630-B685134738F7}.Release|Any CPU.Build.0 = Release|Any CPU
	EndGlobalSection
	GlobalSection(SolutionProperties) = preSolution
		HideSolutionNode = FALSE
	EndGlobalSection
	GlobalSection(ExtensibilityGlobals) = postSolution
		SolutionGuid = {819B0579-2EF9-4DD9-990F-56A448116B59}
	EndGlobalSection
EndGlobal
