
Microsoft Visual Studio Solution File, Format Version 12.00
# Visual Studio Version 16
VisualStudioVersion = 16.0.31313.79
MinimumVisualStudioVersion = 10.0.40219.1
Project("{FAE04EC0-301F-11D3-BF4B-00C04F79EFBC}") = "PetClassWPF", "PetClassWPF\PetClassWPF.csproj", "{39FF59F4-EE78-4CAB-BB56-36A21A5F11EA}"
EndProject
Global
	GlobalSection(SolutionConfigurationPlatforms) = preSolution
		Debug|Any CPU = Debug|Any CPU
		Release|Any CPU = Release|Any CPU
	EndGlobalSection
	GlobalSection(ProjectConfigurationPlatforms) = postSolution
		{39FF59F4-EE78-4CAB-BB56-36A21A5F11EA}.Debug|Any CPU.ActiveCfg = Debug|Any CPU
		{39FF59F4-EE78-4CAB-BB56-36A21A5F11EA}.Debug|Any CPU.Build.0 = Debug|Any CPU
		{39FF59F4-EE78-4CAB-BB56-36A21A5F11EA}.Release|Any CPU.ActiveCfg = Release|Any CPU
		{39FF59F4-EE78-4CAB-BB56-36A21A5F11EA}.Release|Any CPU.Build.0 = Release|Any CPU
	EndGlobalSection
	GlobalSection(SolutionProperties) = preSolution
		HideSolutionNode = FALSE
	EndGlobalSection
	GlobalSection(ExtensibilityGlobals) = postSolution
		SolutionGuid = {37B0F7BB-E403-438A-9B3B-66A9FFD9D180}
	EndGlobalSection
EndGlobal
