
Microsoft Visual Studio Solution File, Format Version 12.00
# Visual Studio Version 16
VisualStudioVersion = 16.0.31313.79
MinimumVisualStudioVersion = 10.0.40219.1
Project("{FAE04EC0-301F-11D3-BF4B-00C04F79EFBC}") = "Personnel Database", "Personnel Database\Personnel Database.csproj", "{B2DDF3E3-CA83-4F11-8B2D-00A8F1C311CE}"
EndProject
Global
	GlobalSection(SolutionConfigurationPlatforms) = preSolution
		Debug|Any CPU = Debug|Any CPU
		Release|Any CPU = Release|Any CPU
	EndGlobalSection
	GlobalSection(ProjectConfigurationPlatforms) = postSolution
		{B2DDF3E3-CA83-4F11-8B2D-00A8F1C311CE}.Debug|Any CPU.ActiveCfg = Debug|Any CPU
		{B2DDF3E3-CA83-4F11-8B2D-00A8F1C311CE}.Debug|Any CPU.Build.0 = Debug|Any CPU
		{B2DDF3E3-CA83-4F11-8B2D-00A8F1C311CE}.Release|Any CPU.ActiveCfg = Release|Any CPU
		{B2DDF3E3-CA83-4F11-8B2D-00A8F1C311CE}.Release|Any CPU.Build.0 = Release|Any CPU
	EndGlobalSection
	GlobalSection(SolutionProperties) = preSolution
		HideSolutionNode = FALSE
	EndGlobalSection
	GlobalSection(ExtensibilityGlobals) = postSolution
		SolutionGuid = {A761CA29-08A8-441B-B55D-01A5797D3160}
	EndGlobalSection
EndGlobal
